
Microsoft Visual Studio Solution File, Format Version 12.00
# Visual Studio Version 17
VisualStudioVersion = 17.0.31903.59
MinimumVisualStudioVersion = 10.0.40219.1
Project("{FAE04EC0-301F-11D3-BF4B-00C04F79EFBC}") = "Industrieroboter.Domain", "Industrieroboter.Domain\Industrieroboter.Domain.csproj", "{4D90356C-368D-427E-9B8F-2AC1FE66D069}"
EndProject
Project("{FAE04EC0-301F-11D3-BF4B-00C04F79EFBC}") = "Industrieroboter.Konsole", "Industrieroboter.Konsole\Industrieroboter.Konsole.csproj", "{EA543038-5B02-4B50-832F-3D5665BDB63E}"
EndProject
Project("{FAE04EC0-301F-11D3-BF4B-00C04F79EFBC}") = "Industrieroboter.Tests", "Industrieroboter.Tests\Industrieroboter.Tests.csproj", "{C0751E64-40D6-4F85-BA40-E44705C8F01B}"
EndProject
Global
	GlobalSection(SolutionConfigurationPlatforms) = preSolution
		Debug|Any CPU = Debug|Any CPU
		Debug|x64 = Debug|x64
		Debug|x86 = Debug|x86
		Release|Any CPU = Release|Any CPU
		Release|x64 = Release|x64
		Release|x86 = Release|x86
	EndGlobalSection
	GlobalSection(ProjectConfigurationPlatforms) = postSolution
		{4D90356C-368D-427E-9B8F-2AC1FE66D069}.Debug|Any CPU.ActiveCfg = Debug|Any CPU
		{4D90356C-368D-427E-9B8F-2AC1FE66D069}.Debug|Any CPU.Build.0 = Debug|Any CPU
		{4D90356C-368D-427E-9B8F-2AC1FE66D069}.Debug|x64.ActiveCfg = Debug|Any CPU
		{4D90356C-368D-427E-9B8F-2AC1FE66D069}.Debug|x64.Build.0 = Debug|Any CPU
		{4D90356C-368D-427E-9B8F-2AC1FE66D069}.Debug|x86.ActiveCfg = Debug|Any CPU
		{4D90356C-368D-427E-9B8F-2AC1FE66D069}.Debug|x86.Build.0 = Debug|Any CPU
		{4D90356C-368D-427E-9B8F-2AC1FE66D069}.Release|Any CPU.ActiveCfg = Release|Any CPU
		{4D90356C-368D-427E-9B8F-2AC1FE66D069}.Release|Any CPU.Build.0 = Release|Any CPU
		{4D90356C-368D-427E-9B8F-2AC1FE66D069}.Release|x64.ActiveCfg = Release|Any CPU
		{4D90356C-368D-427E-9B8F-2AC1FE66D069}.Release|x64.Build.0 = Release|Any CPU
		{4D90356C-368D-427E-9B8F-2AC1FE66D069}.Release|x86.ActiveCfg = Release|Any CPU
		{4D90356C-368D-427E-9B8F-2AC1FE66D069}.Release|x86.Build.0 = Release|Any CPU
		{EA543038-5B02-4B50-832F-3D5665BDB63E}.Debug|Any CPU.ActiveCfg = Debug|Any CPU
		{EA543038-5B02-4B50-832F-3D5665BDB63E}.Debug|Any CPU.Build.0 = Debug|Any CPU
		{EA543038-5B02-4B50-832F-3D5665BDB63E}.Debug|x64.ActiveCfg = Debug|Any CPU
		{EA543038-5B02-4B50-832F-3D5665BDB63E}.Debug|x64.Build.0 = Debug|Any CPU
		{EA543038-5B02-4B50-832F-3D5665BDB63E}.Debug|x86.ActiveCfg = Debug|Any CPU
		{EA543038-5B02-4B50-832F-3D5665BDB63E}.Debug|x86.Build.0 = Debug|Any CPU
		{EA543038-5B02-4B50-832F-3D5665BDB63E}.Release|Any CPU.ActiveCfg = Release|Any CPU
		{EA543038-5B02-4B50-832F-3D5665BDB63E}.Release|Any CPU.Build.0 = Release|Any CPU
		{EA543038-5B02-4B50-832F-3D5665BDB63E}.Release|x64.ActiveCfg = Release|Any CPU
		{EA543038-5B02-4B50-832F-3D5665BDB63E}.Release|x64.Build.0 = Release|Any CPU
		{EA543038-5B02-4B50-832F-3D5665BDB63E}.Release|x86.ActiveCfg = Release|Any CPU
		{EA543038-5B02-4B50-832F-3D5665BDB63E}.Release|x86.Build.0 = Release|Any CPU
		{C0751E64-40D6-4F85-BA40-E44705C8F01B}.Debug|Any CPU.ActiveCfg = Debug|Any CPU
		{C0751E64-40D6-4F85-BA40-E44705C8F01B}.Debug|Any CPU.Build.0 = Debug|Any CPU
		{C0751E64-40D6-4F85-BA40-E44705C8F01B}.Debug|x64.ActiveCfg = Debug|Any CPU
		{C0751E64-40D6-4F85-BA40-E44705C8F01B}.Debug|x64.Build.0 = Debug|Any CPU
		{C0751E64-40D6-4F85-BA40-E44705C8F01B}.Debug|x86.ActiveCfg = Debug|Any CPU
		{C0751E64-40D6-4F85-BA40-E44705C8F01B}.Debug|x86.Build.0 = Debug|Any CPU
		{C0751E64-40D6-4F85-BA40-E44705C8F01B}.Release|Any CPU.ActiveCfg = Release|Any CPU
		{C0751E64-40D6-4F85-BA40-E44705C8F01B}.Release|Any CPU.Build.0 = Release|Any CPU
		{C0751E64-40D6-4F85-BA40-E44705C8F01B}.Release|x64.ActiveCfg = Release|Any CPU
		{C0751E64-40D6-4F85-BA40-E44705C8F01B}.Release|x64.Build.0 = Release|Any CPU
		{C0751E64-40D6-4F85-BA40-E44705C8F01B}.Release|x86.ActiveCfg = Release|Any CPU
		{C0751E64-40D6-4F85-BA40-E44705C8F01B}.Release|x86.Build.0 = Release|Any CPU
	EndGlobalSection
	GlobalSection(SolutionProperties) = preSolution
		HideSolutionNode = FALSE
	EndGlobalSection
EndGlobal
